// !$*UTF8*$!
{
	archiveVersion = 1;
	classes = {
	};
	objectVersion = 56;
	objects = {

/* Begin PBXBuildFile section */
		D10000000000000000000001 /* AutomationServicePreferences.swift in Sources */ = {isa = PBXBuildFile; fileRef = D10000000000000000000002 /* AutomationServicePreferences.swift */; };
		D10000000000000000000003 /* Services/AutomationServicePreferencesTests.swift in Sources */ = {isa = PBXBuildFile; fileRef = D10000000000000000000004 /* Services/AutomationServicePreferencesTests.swift */; };
		BF0000000000000000000001 /* Localizable.xcstrings in Resources */ = {isa = PBXBuildFile; fileRef = BF0000000000000000000002 /* Localizable.xcstrings */; };
		BE0000000000000000000001 /* WelcomeView.swift in Sources */ = {isa = PBXBuildFile; fileRef = BE0000000000000000000002 /* WelcomeView.swift */; };
		BD0000000000000000000001 /* LICENSE in Resources */ = {isa = PBXBuildFile; fileRef = BD0000000000000000000002 /* LICENSE */; };
		BC0000000000000000000001 /* ProjectDisplayPreferences.swift in Sources */ = {isa = PBXBuildFile; fileRef = BC0000000000000000000002 /* ProjectDisplayPreferences.swift */; };
		BA0000000000000000000002 /* ProjectWorkControls.swift in Sources */ = {isa = PBXBuildFile; fileRef = BB0000000000000000000002 /* ProjectWorkControls.swift */; };
		BA0000000000000000000001 /* ProjectWorkView.swift in Sources */ = {isa = PBXBuildFile; fileRef = BB0000000000000000000001 /* ProjectWorkView.swift */; };
		B9000003 /* Views/ProjectTableTests.swift in Sources */ = {isa = PBXBuildFile; fileRef = B9000004 /* Views/ProjectTableTests.swift */; };
		B9000001 /* ProjectTableView.swift in Sources */ = {isa = PBXBuildFile; fileRef = B9000002 /* ProjectTableView.swift */; };
		CA461A15C72B4DBDAAB413CC /* ProjectManagementViews.swift in Sources */ = {isa = PBXBuildFile; fileRef = D749BF94B5164F1385503B20 /* ProjectManagementViews.swift */; };
		A0000001 /* GitStrideApp.swift in Sources */ = {isa = PBXBuildFile; fileRef = A1000001 /* GitStrideApp.swift */; };
		A0000002 /* Project.swift in Sources */ = {isa = PBXBuildFile; fileRef = A1000002 /* Project.swift */; };
		A0000003 /* ProjectItem.swift in Sources */ = {isa = PBXBuildFile; fileRef = A1000003 /* ProjectItem.swift */; };
		A0000004 /* StatusOption.swift in Sources */ = {isa = PBXBuildFile; fileRef = A1000004 /* StatusOption.swift */; };
		A0000005 /* GitHubService.swift in Sources */ = {isa = PBXBuildFile; fileRef = A1000005 /* GitHubService.swift */; };
		A0000006 /* GraphQLQueries.swift in Sources */ = {isa = PBXBuildFile; fileRef = A1000006 /* GraphQLQueries.swift */; };
		A0000007 /* NotificationService.swift in Sources */ = {isa = PBXBuildFile; fileRef = A1000007 /* NotificationService.swift */; };
		A0000008 /* ProjectStore.swift in Sources */ = {isa = PBXBuildFile; fileRef = A1000008 /* ProjectStore.swift */; };
		A0000009 /* MenuBarPopoverView.swift in Sources */ = {isa = PBXBuildFile; fileRef = A1000009 /* MenuBarPopoverView.swift */; };
		A0000010 /* ProjectSelectorView.swift in Sources */ = {isa = PBXBuildFile; fileRef = A1000010 /* ProjectSelectorView.swift */; };
		A0000012 /* KanbanBoardView.swift in Sources */ = {isa = PBXBuildFile; fileRef = A1000012 /* KanbanBoardView.swift */; };
		A0000015 /* OperationErrorBanner.swift in Sources */ = {isa = PBXBuildFile; fileRef = A1000015 /* OperationErrorBanner.swift */; };
		A0000019 /* SettingsView.swift in Sources */ = {isa = PBXBuildFile; fileRef = A1000019 /* SettingsView.swift */; };
		A0000020 /* UpdateController.swift in Sources */ = {isa = PBXBuildFile; fileRef = A1000020 /* UpdateController.swift */; };
		A0000021 /* Sparkle in Frameworks */ = {isa = PBXBuildFile; productRef = A6000001 /* Sparkle */; };
		A0000022 /* GitHubCommandRunner.swift in Sources */ = {isa = PBXBuildFile; fileRef = A1000022 /* GitHubCommandRunner.swift */; };
		A0000023 /* Services/GitHubServiceTests.swift in Sources */ = {isa = PBXBuildFile; fileRef = A1000023 /* Services/GitHubServiceTests.swift */; };
		A0000025 /* AddProjectItemView.swift in Sources */ = {isa = PBXBuildFile; fileRef = A1000025 /* AddProjectItemView.swift */; };
		A0000026 /* ItemInspectorView.swift in Sources */ = {isa = PBXBuildFile; fileRef = A1000026 /* ItemInspectorView.swift */; };
		A0000027 /* ProjectCache.swift in Sources */ = {isa = PBXBuildFile; fileRef = A1000027 /* ProjectCache.swift */; };
		A0000028 /* MyWork.swift in Sources */ = {isa = PBXBuildFile; fileRef = A1000028 /* MyWork.swift */; };
		A0000029 /* MyWorkStore.swift in Sources */ = {isa = PBXBuildFile; fileRef = A1000029 /* MyWorkStore.swift */; };
		A0000030 /* MainWorkspaceView.swift in Sources */ = {isa = PBXBuildFile; fileRef = A1000030 /* MainWorkspaceView.swift */; };
		A0000031 /* MyWorkView.swift in Sources */ = {isa = PBXBuildFile; fileRef = A1000031 /* MyWorkView.swift */; };
		A0000032 /* GitStrideModel.swift in Sources */ = {isa = PBXBuildFile; fileRef = A1000032 /* GitStrideModel.swift */; };
		A0000033 /* Monitoring.swift in Sources */ = {isa = PBXBuildFile; fileRef = A1000033 /* Monitoring.swift */; };
		A0000034 /* ProjectMonitor.swift in Sources */ = {isa = PBXBuildFile; fileRef = A1000034 /* ProjectMonitor.swift */; };
		A0000035 /* QuickCreate.swift in Sources */ = {isa = PBXBuildFile; fileRef = A1000035 /* QuickCreate.swift */; };
		A0000037 /* EngineeringSignalsView.swift in Sources */ = {isa = PBXBuildFile; fileRef = A1000037 /* EngineeringSignalsView.swift */; };
		A0000039 /* ProjectItemDetail.swift in Sources */ = {isa = PBXBuildFile; fileRef = A1000039 /* ProjectItemDetail.swift */; };
		A0000040 /* ItemDescriptionView.swift in Sources */ = {isa = PBXBuildFile; fileRef = A1000040 /* ItemDescriptionView.swift */; };
		2DD77887FA1449C58FA45800 /* ItemContentEditorView.swift in Sources */ = {isa = PBXBuildFile; fileRef = 92917782F0194B5FA178787A /* ItemContentEditorView.swift */; };
		A0000041 /* ItemPropertiesView.swift in Sources */ = {isa = PBXBuildFile; fileRef = A1000041 /* ItemPropertiesView.swift */; };
		A0000042 /* ProjectFieldEditor.swift in Sources */ = {isa = PBXBuildFile; fileRef = A1000042 /* ProjectFieldEditor.swift */; };
		A0000043 /* GitHubHTMLBodyView.swift in Sources */ = {isa = PBXBuildFile; fileRef = A1000043 /* GitHubHTMLBodyView.swift */; };
		A0000044 /* WorkspaceCommandContext.swift in Sources */ = {isa = PBXBuildFile; fileRef = A1000044 /* WorkspaceCommandContext.swift */; };
		A0000045 /* KanbanCardContextMenu.swift in Sources */ = {isa = PBXBuildFile; fileRef = A1000045 /* KanbanCardContextMenu.swift */; };
		A0000046 /* KanbanCardContent.swift in Sources */ = {isa = PBXBuildFile; fileRef = A1000046 /* KanbanCardContent.swift */; };
		A0000047 /* AppIcon.icon in Resources */ = {isa = PBXBuildFile; fileRef = A1000047 /* AppIcon.icon */; };
		A0000049 /* MenuBarItemRow.swift in Sources */ = {isa = PBXBuildFile; fileRef = A1000049 /* MenuBarItemRow.swift */; };
		A0000050 /* KanbanItemViews.swift in Sources */ = {isa = PBXBuildFile; fileRef = A1000050 /* KanbanItemViews.swift */; };
		A0000051 /* IssueRelationEditorView.swift in Sources */ = {isa = PBXBuildFile; fileRef = A1000051 /* IssueRelationEditorView.swift */; };
		A0000052 /* AutomationService.swift in Sources */ = {isa = PBXBuildFile; fileRef = A1000052 /* AutomationService.swift */; };
		A0000053 /* ManagementTokenStore.swift in Sources */ = {isa = PBXBuildFile; fileRef = A1000053 /* ManagementTokenStore.swift */; };
		A0000054 /* AutomationSetupModel.swift in Sources */ = {isa = PBXBuildFile; fileRef = A1000054 /* AutomationSetupModel.swift */; };
		A0000055 /* AutomationSettingsView.swift in Sources */ = {isa = PBXBuildFile; fileRef = A1000055 /* AutomationSettingsView.swift */; };
		A0000056 /* AutomationConfigurationForm.swift in Sources */ = {isa = PBXBuildFile; fileRef = A1000056 /* AutomationConfigurationForm.swift */; };
		A0000057 /* StatusOptionPicker.swift in Sources */ = {isa = PBXBuildFile; fileRef = A1000057 /* StatusOptionPicker.swift */; };
		A0000058 /* AutomationConnectionList.swift in Sources */ = {isa = PBXBuildFile; fileRef = A1000058 /* AutomationConnectionList.swift */; };
		A0000059 /* Store/AutomationSetupModelTests.swift in Sources */ = {isa = PBXBuildFile; fileRef = A1000059 /* Store/AutomationSetupModelTests.swift */; };
		7A0F4D28F23548ED9EFD0F2E /* GitHubItemDetailResponse.swift in Sources */ = {isa = PBXBuildFile; fileRef = 52B9F07F89D944F1A1F080FE /* GitHubItemDetailResponse.swift */; };
		FB73159F4080424AA43E78DE /* GitHubItemResponse.swift in Sources */ = {isa = PBXBuildFile; fileRef = 77D827C9808D48FD9437123A /* GitHubItemResponse.swift */; };
		1C80C18DA5C64410A2039F07 /* GitHubProjectResponse.swift in Sources */ = {isa = PBXBuildFile; fileRef = C889CA74D9304C369C5760E8 /* GitHubProjectResponse.swift */; };
		F4C4EC6897F848BE861A88A0 /* GitHubResponse.swift in Sources */ = {isa = PBXBuildFile; fileRef = 2DBCD291C4B440DEA92DDCC1 /* GitHubResponse.swift */; };
		8BF8F992CB6A45E59C592ECB /* Models/IssueRelationKindTests.swift in Sources */ = {isa = PBXBuildFile; fileRef = 62F8302DE36A45B8A30CC33A /* Models/IssueRelationKindTests.swift */; };
		7AB806798EC14966808C06FF /* Models/MyWorkFilterTests.swift in Sources */ = {isa = PBXBuildFile; fileRef = 1D54A1FF71F84F028C7906C8 /* Models/MyWorkFilterTests.swift */; };
		2B550291461E48A58A46B68D /* Models/QuickCreateParserTests.swift in Sources */ = {isa = PBXBuildFile; fileRef = 1A1E2B59828146B583272AC1 /* Models/QuickCreateParserTests.swift */; };
		034A1C5457534637AA06944F /* Services/ProjectCacheTests.swift in Sources */ = {isa = PBXBuildFile; fileRef = EDE756C642FB4254A3DDD761 /* Services/ProjectCacheTests.swift */; };
		307F6B23D207484E89AA1B4F /* Services/ProjectChangeDetectorTests.swift in Sources */ = {isa = PBXBuildFile; fileRef = 5784B66BD98C4D448D390263 /* Services/ProjectChangeDetectorTests.swift */; };
		51869C985D0A4103B88B3E70 /* Store/ProjectStoreCreationTests.swift in Sources */ = {isa = PBXBuildFile; fileRef = CF04DCD734F7459B903E47A4 /* Store/ProjectStoreCreationTests.swift */; };
		4C521BC4648C43B3BF2B65CD /* Store/ProjectStoreMutationTests.swift in Sources */ = {isa = PBXBuildFile; fileRef = 1F984E1BF5A14E0AABEAEB41 /* Store/ProjectStoreMutationTests.swift */; };
		57FD432CD7CB41478DAE15A1 /* Store/ProjectStoreTests.swift in Sources */ = {isa = PBXBuildFile; fileRef = F7DE3A1447C4442497CC9916 /* Store/ProjectStoreTests.swift */; };
		1C5E5C020F46418DB08480DC /* Support/GitHubHTTPClients.swift in Sources */ = {isa = PBXBuildFile; fileRef = A4AD93EE1FB04A9D9CF802E5 /* Support/GitHubHTTPClients.swift */; };
		1256B447FBC34D199F0B53D1 /* Support/ProjectStoreFixtures.swift in Sources */ = {isa = PBXBuildFile; fileRef = 10606AD13FB545669AC004F6 /* Support/ProjectStoreFixtures.swift */; };
		2AA6068167E44C96992DFA85 /* GitHubItemAddress.swift in Sources */ = {isa = PBXBuildFile; fileRef = D2FBBF38805B473FB1ACAEF5 /* GitHubItemAddress.swift */; };
		B94760305D8740FB8B6A2C40 /* AddProjectItemFields.swift in Sources */ = {isa = PBXBuildFile; fileRef = B53D98D3EDD74DB89F2C48D6 /* AddProjectItemFields.swift */; };
		0A268DFF1FB34EA2A03336F0 /* ExistingProjectItemPicker.swift in Sources */ = {isa = PBXBuildFile; fileRef = 906BAEE59D54492EB681F8B9 /* ExistingProjectItemPicker.swift */; };
		153AA0C9C2AD4AFDA2C82D5C /* NewProjectItemEditor.swift in Sources */ = {isa = PBXBuildFile; fileRef = BACB16D1BB734F30BF32C09A /* NewProjectItemEditor.swift */; };
		FFC8E795899043D584F51D7F /* Views/NewProjectItemDraftTests.swift in Sources */ = {isa = PBXBuildFile; fileRef = FF2A0BB18D464368ADC92757 /* Views/NewProjectItemDraftTests.swift */; };
		481568AA2C0A41AEA9696AAF /* ItemAssigneesSection.swift in Sources */ = {isa = PBXBuildFile; fileRef = 200CCB2760E44DB596C60314 /* ItemAssigneesSection.swift */; };
		95F40CC60C9D4E16A2EE8C4D /* ItemLabelsSection.swift in Sources */ = {isa = PBXBuildFile; fileRef = 067616FE0D8F4BB582025D8E /* ItemLabelsSection.swift */; };
		96213ACF191740819FF81303 /* ItemMilestoneSection.swift in Sources */ = {isa = PBXBuildFile; fileRef = AC6D407A095F41C7BAB85F69 /* ItemMilestoneSection.swift */; };
		3C2B7D323DB347409FD29995 /* ItemPropertySection.swift in Sources */ = {isa = PBXBuildFile; fileRef = 85B1AD773FC7441F91849A52 /* ItemPropertySection.swift */; };
		88980FE0BAF047A1A87221B1 /* ItemRelationshipsSection.swift in Sources */ = {isa = PBXBuildFile; fileRef = 393A98A954EB4E10A1B5C5B7 /* ItemRelationshipsSection.swift */; };
		3069EB3E513B4854B1AC21D9 /* KanbanColumnsView.swift in Sources */ = {isa = PBXBuildFile; fileRef = 4C5D182101734B84B6F77F9A /* KanbanColumnsView.swift */; };
		FB4726B9B6864204851AC806 /* ProjectTableRows.swift in Sources */ = {isa = PBXBuildFile; fileRef = BFE21A0911D247109916D351 /* ProjectTableRows.swift */; };
		B25D980EFC4840B0A60615D9 /* ProjectWorkPreferences.swift in Sources */ = {isa = PBXBuildFile; fileRef = 409B744D9F7140539E4E1D1F /* ProjectWorkPreferences.swift */; };
		F64E84B907504E47A758E117 /* TableDisplayOptions.swift in Sources */ = {isa = PBXBuildFile; fileRef = 541867E96D4543D0A75FD19C /* TableDisplayOptions.swift */; };
		F42F07F625C74252B54C3FE2 /* MenuBarConnectionErrorView.swift in Sources */ = {isa = PBXBuildFile; fileRef = BC96BAC013BA436CA00244F9 /* MenuBarConnectionErrorView.swift */; };
		DF3F8A19CD864E769BBE7AC2 /* MenuBarControls.swift in Sources */ = {isa = PBXBuildFile; fileRef = 4E357115AA2E4E1C824AFD31 /* MenuBarControls.swift */; };
		7E11B23897274E1A8C79FFD8 /* Views/ProjectWorkPreferencesTests.swift in Sources */ = {isa = PBXBuildFile; fileRef = 6BE86DAE172A4F919768058D /* Views/ProjectWorkPreferencesTests.swift */; };
		DA0000000000000000000001 /* GitHubHTTPClient.swift in Sources */ = {isa = PBXBuildFile; fileRef = DB0000000000000000000001 /* GitHubHTTPClient.swift */; };
		DA0000000000000000000002 /* GitHubCredentialStore.swift in Sources */ = {isa = PBXBuildFile; fileRef = DB0000000000000000000002 /* GitHubCredentialStore.swift */; };
		DA0000000000000000000003 /* GitHubAuthentication.swift in Sources */ = {isa = PBXBuildFile; fileRef = DB0000000000000000000003 /* GitHubAuthentication.swift */; };
		DA0000000000000000000004 /* GitHubSettingsView.swift in Sources */ = {isa = PBXBuildFile; fileRef = DB0000000000000000000004 /* GitHubSettingsView.swift */; };
		DA0000000000000000000005 /* Services/GitHubAuthenticationTests.swift in Sources */ = {isa = PBXBuildFile; fileRef = DB0000000000000000000005 /* Services/GitHubAuthenticationTests.swift */; };
/* End PBXBuildFile section */

/* Begin PBXContainerItemProxy section */
		A7000000 /* PBXContainerItemProxy */ = {
			isa = PBXContainerItemProxy;
			containerPortal = A4000000 /* Project object */;
			proxyType = 1;
			remoteGlobalIDString = A4000001;
			remoteInfo = GitStride;
		};
/* End PBXContainerItemProxy section */

/* Begin PBXFileReference section */
		D10000000000000000000002 /* AutomationServicePreferences.swift */ = {isa = PBXFileReference; lastKnownFileType = sourcecode.swift; path = AutomationServicePreferences.swift; sourceTree = "<group>"; };
		D10000000000000000000004 /* Services/AutomationServicePreferencesTests.swift */ = {isa = PBXFileReference; lastKnownFileType = sourcecode.swift; path = Services/AutomationServicePreferencesTests.swift; sourceTree = "<group>"; };
		BF0000000000000000000002 /* Localizable.xcstrings */ = {isa = PBXFileReference; lastKnownFileType = text.json.xcstrings; path = Localizable.xcstrings; sourceTree = "<group>"; };
		BE0000000000000000000002 /* WelcomeView.swift */ = {isa = PBXFileReference; lastKnownFileType = sourcecode.swift; path = WelcomeView.swift; sourceTree = "<group>"; };
		BD0000000000000000000002 /* LICENSE */ = {isa = PBXFileReference; lastKnownFileType = text; path = LICENSE; sourceTree = SOURCE_ROOT; };
		BC0000000000000000000002 /* ProjectDisplayPreferences.swift */ = {isa = PBXFileReference; lastKnownFileType = sourcecode.swift; path = ProjectDisplayPreferences.swift; sourceTree = "<group>"; };
		BB0000000000000000000002 /* ProjectWorkControls.swift */ = {isa = PBXFileReference; lastKnownFileType = sourcecode.swift; path = ProjectWorkControls.swift; sourceTree = "<group>"; };
		BB0000000000000000000001 /* ProjectWorkView.swift */ = {isa = PBXFileReference; lastKnownFileType = sourcecode.swift; path = ProjectWorkView.swift; sourceTree = "<group>"; };
		B9000004 /* Views/ProjectTableTests.swift */ = {isa = PBXFileReference; lastKnownFileType = sourcecode.swift; path = Views/ProjectTableTests.swift; sourceTree = "<group>"; };
		B9000002 /* ProjectTableView.swift */ = {isa = PBXFileReference; lastKnownFileType = sourcecode.swift; path = ProjectTableView.swift; sourceTree = "<group>"; };
		D749BF94B5164F1385503B20 /* ProjectManagementViews.swift */ = {isa = PBXFileReference; lastKnownFileType = sourcecode.swift; path = ProjectManagementViews.swift; sourceTree = "<group>"; };
		A1000000 /* GitStride.app */ = {isa = PBXFileReference; explicitFileType = wrapper.application; includeInIndex = 0; path = GitStride.app; sourceTree = BUILT_PRODUCTS_DIR; };
		A1000001 /* GitStrideApp.swift */ = {isa = PBXFileReference; lastKnownFileType = sourcecode.swift; path = GitStrideApp.swift; sourceTree = "<group>"; };
		A1000002 /* Project.swift */ = {isa = PBXFileReference; lastKnownFileType = sourcecode.swift; path = Project.swift; sourceTree = "<group>"; };
		A1000003 /* ProjectItem.swift */ = {isa = PBXFileReference; lastKnownFileType = sourcecode.swift; path = ProjectItem.swift; sourceTree = "<group>"; };
		A1000004 /* StatusOption.swift */ = {isa = PBXFileReference; lastKnownFileType = sourcecode.swift; path = StatusOption.swift; sourceTree = "<group>"; };
		A1000005 /* GitHubService.swift */ = {isa = PBXFileReference; lastKnownFileType = sourcecode.swift; path = GitHubService.swift; sourceTree = "<group>"; };
		A1000006 /* GraphQLQueries.swift */ = {isa = PBXFileReference; lastKnownFileType = sourcecode.swift; path = GraphQLQueries.swift; sourceTree = "<group>"; };
		A1000007 /* NotificationService.swift */ = {isa = PBXFileReference; lastKnownFileType = sourcecode.swift; path = NotificationService.swift; sourceTree = "<group>"; };
		A1000008 /* ProjectStore.swift */ = {isa = PBXFileReference; lastKnownFileType = sourcecode.swift; path = ProjectStore.swift; sourceTree = "<group>"; };
		A1000009 /* MenuBarPopoverView.swift */ = {isa = PBXFileReference; lastKnownFileType = sourcecode.swift; path = MenuBarPopoverView.swift; sourceTree = "<group>"; };
		A1000010 /* ProjectSelectorView.swift */ = {isa = PBXFileReference; lastKnownFileType = sourcecode.swift; path = ProjectSelectorView.swift; sourceTree = "<group>"; };
		A1000012 /* KanbanBoardView.swift */ = {isa = PBXFileReference; lastKnownFileType = sourcecode.swift; path = KanbanBoardView.swift; sourceTree = "<group>"; };
		A1000015 /* OperationErrorBanner.swift */ = {isa = PBXFileReference; lastKnownFileType = sourcecode.swift; path = OperationErrorBanner.swift; sourceTree = "<group>"; };
		A1000017 /* Info.plist */ = {isa = PBXFileReference; lastKnownFileType = text.plist.xml; path = Info.plist; sourceTree = "<group>"; };
		A1000018 /* GitStride.entitlements */ = {isa = PBXFileReference; lastKnownFileType = text.plist.entitlements; path = GitStride.entitlements; sourceTree = "<group>"; };
		A1000019 /* SettingsView.swift */ = {isa = PBXFileReference; lastKnownFileType = sourcecode.swift; path = SettingsView.swift; sourceTree = "<group>"; };
		A1000020 /* UpdateController.swift */ = {isa = PBXFileReference; lastKnownFileType = sourcecode.swift; path = UpdateController.swift; sourceTree = "<group>"; };
		A1000022 /* GitHubCommandRunner.swift */ = {isa = PBXFileReference; lastKnownFileType = sourcecode.swift; path = GitHubCommandRunner.swift; sourceTree = "<group>"; };
		A1000023 /* Services/GitHubServiceTests.swift */ = {isa = PBXFileReference; lastKnownFileType = sourcecode.swift; path = Services/GitHubServiceTests.swift; sourceTree = "<group>"; };
		A1000024 /* GitStrideTests.xctest */ = {isa = PBXFileReference; explicitFileType = wrapper.cfbundle; includeInIndex = 0; path = GitStrideTests.xctest; sourceTree = BUILT_PRODUCTS_DIR; };
		A1000025 /* AddProjectItemView.swift */ = {isa = PBXFileReference; lastKnownFileType = sourcecode.swift; path = AddProjectItemView.swift; sourceTree = "<group>"; };
		A1000026 /* ItemInspectorView.swift */ = {isa = PBXFileReference; lastKnownFileType = sourcecode.swift; path = ItemInspectorView.swift; sourceTree = "<group>"; };
		A1000027 /* ProjectCache.swift */ = {isa = PBXFileReference; lastKnownFileType = sourcecode.swift; path = ProjectCache.swift; sourceTree = "<group>"; };
		A1000028 /* MyWork.swift */ = {isa = PBXFileReference; lastKnownFileType = sourcecode.swift; path = MyWork.swift; sourceTree = "<group>"; };
		A1000029 /* MyWorkStore.swift */ = {isa = PBXFileReference; lastKnownFileType = sourcecode.swift; path = MyWorkStore.swift; sourceTree = "<group>"; };
		A1000030 /* MainWorkspaceView.swift */ = {isa = PBXFileReference; lastKnownFileType = sourcecode.swift; path = MainWorkspaceView.swift; sourceTree = "<group>"; };
		A1000031 /* MyWorkView.swift */ = {isa = PBXFileReference; lastKnownFileType = sourcecode.swift; path = MyWorkView.swift; sourceTree = "<group>"; };
		A1000032 /* GitStrideModel.swift */ = {isa = PBXFileReference; lastKnownFileType = sourcecode.swift; path = GitStrideModel.swift; sourceTree = "<group>"; };
		A1000033 /* Monitoring.swift */ = {isa = PBXFileReference; lastKnownFileType = sourcecode.swift; path = Monitoring.swift; sourceTree = "<group>"; };
		A1000034 /* ProjectMonitor.swift */ = {isa = PBXFileReference; lastKnownFileType = sourcecode.swift; path = ProjectMonitor.swift; sourceTree = "<group>"; };
		A1000035 /* QuickCreate.swift */ = {isa = PBXFileReference; lastKnownFileType = sourcecode.swift; path = QuickCreate.swift; sourceTree = "<group>"; };
		A1000037 /* EngineeringSignalsView.swift */ = {isa = PBXFileReference; lastKnownFileType = sourcecode.swift; path = EngineeringSignalsView.swift; sourceTree = "<group>"; };
		A1000039 /* ProjectItemDetail.swift */ = {isa = PBXFileReference; lastKnownFileType = sourcecode.swift; path = ProjectItemDetail.swift; sourceTree = "<group>"; };
		A1000040 /* ItemDescriptionView.swift */ = {isa = PBXFileReference; lastKnownFileType = sourcecode.swift; path = ItemDescriptionView.swift; sourceTree = "<group>"; };
		92917782F0194B5FA178787A /* ItemContentEditorView.swift */ = {isa = PBXFileReference; lastKnownFileType = sourcecode.swift; path = ItemContentEditorView.swift; sourceTree = "<group>"; };
		A1000041 /* ItemPropertiesView.swift */ = {isa = PBXFileReference; lastKnownFileType = sourcecode.swift; path = ItemPropertiesView.swift; sourceTree = "<group>"; };
		A1000042 /* ProjectFieldEditor.swift */ = {isa = PBXFileReference; lastKnownFileType = sourcecode.swift; path = ProjectFieldEditor.swift; sourceTree = "<group>"; };
		A1000043 /* GitHubHTMLBodyView.swift */ = {isa = PBXFileReference; lastKnownFileType = sourcecode.swift; path = GitHubHTMLBodyView.swift; sourceTree = "<group>"; };
		A1000044 /* WorkspaceCommandContext.swift */ = {isa = PBXFileReference; lastKnownFileType = sourcecode.swift; path = WorkspaceCommandContext.swift; sourceTree = "<group>"; };
		A1000045 /* KanbanCardContextMenu.swift */ = {isa = PBXFileReference; lastKnownFileType = sourcecode.swift; path = KanbanCardContextMenu.swift; sourceTree = "<group>"; };
		A1000046 /* KanbanCardContent.swift */ = {isa = PBXFileReference; lastKnownFileType = sourcecode.swift; path = KanbanCardContent.swift; sourceTree = "<group>"; };
		A1000047 /* AppIcon.icon */ = {isa = PBXFileReference; lastKnownFileType = folder.iconcomposer.icon; path = AppIcon.icon; sourceTree = "<group>"; };
		A1000049 /* MenuBarItemRow.swift */ = {isa = PBXFileReference; lastKnownFileType = sourcecode.swift; path = MenuBarItemRow.swift; sourceTree = "<group>"; };
		A1000050 /* KanbanItemViews.swift */ = {isa = PBXFileReference; lastKnownFileType = sourcecode.swift; path = KanbanItemViews.swift; sourceTree = "<group>"; };
		A1000051 /* IssueRelationEditorView.swift */ = {isa = PBXFileReference; lastKnownFileType = sourcecode.swift; path = IssueRelationEditorView.swift; sourceTree = "<group>"; };
		A1000052 /* AutomationService.swift */ = {isa = PBXFileReference; lastKnownFileType = sourcecode.swift; path = AutomationService.swift; sourceTree = "<group>"; };
		A1000053 /* ManagementTokenStore.swift */ = {isa = PBXFileReference; lastKnownFileType = sourcecode.swift; path = ManagementTokenStore.swift; sourceTree = "<group>"; };
		A1000054 /* AutomationSetupModel.swift */ = {isa = PBXFileReference; lastKnownFileType = sourcecode.swift; path = AutomationSetupModel.swift; sourceTree = "<group>"; };
		A1000055 /* AutomationSettingsView.swift */ = {isa = PBXFileReference; lastKnownFileType = sourcecode.swift; path = AutomationSettingsView.swift; sourceTree = "<group>"; };
		A1000056 /* AutomationConfigurationForm.swift */ = {isa = PBXFileReference; lastKnownFileType = sourcecode.swift; path = AutomationConfigurationForm.swift; sourceTree = "<group>"; };
		A1000057 /* StatusOptionPicker.swift */ = {isa = PBXFileReference; lastKnownFileType = sourcecode.swift; path = StatusOptionPicker.swift; sourceTree = "<group>"; };
		A1000058 /* AutomationConnectionList.swift */ = {isa = PBXFileReference; lastKnownFileType = sourcecode.swift; path = AutomationConnectionList.swift; sourceTree = "<group>"; };
		A1000059 /* Store/AutomationSetupModelTests.swift */ = {isa = PBXFileReference; lastKnownFileType = sourcecode.swift; path = Store/AutomationSetupModelTests.swift; sourceTree = "<group>"; };
		52B9F07F89D944F1A1F080FE /* GitHubItemDetailResponse.swift */ = {isa = PBXFileReference; lastKnownFileType = sourcecode.swift; path = GitHubItemDetailResponse.swift; sourceTree = "<group>"; };
		77D827C9808D48FD9437123A /* GitHubItemResponse.swift */ = {isa = PBXFileReference; lastKnownFileType = sourcecode.swift; path = GitHubItemResponse.swift; sourceTree = "<group>"; };
		C889CA74D9304C369C5760E8 /* GitHubProjectResponse.swift */ = {isa = PBXFileReference; lastKnownFileType = sourcecode.swift; path = GitHubProjectResponse.swift; sourceTree = "<group>"; };
		2DBCD291C4B440DEA92DDCC1 /* GitHubResponse.swift */ = {isa = PBXFileReference; lastKnownFileType = sourcecode.swift; path = GitHubResponse.swift; sourceTree = "<group>"; };
		62F8302DE36A45B8A30CC33A /* Models/IssueRelationKindTests.swift */ = {isa = PBXFileReference; lastKnownFileType = sourcecode.swift; path = Models/IssueRelationKindTests.swift; sourceTree = "<group>"; };
		1D54A1FF71F84F028C7906C8 /* Models/MyWorkFilterTests.swift */ = {isa = PBXFileReference; lastKnownFileType = sourcecode.swift; path = Models/MyWorkFilterTests.swift; sourceTree = "<group>"; };
		1A1E2B59828146B583272AC1 /* Models/QuickCreateParserTests.swift */ = {isa = PBXFileReference; lastKnownFileType = sourcecode.swift; path = Models/QuickCreateParserTests.swift; sourceTree = "<group>"; };
		EDE756C642FB4254A3DDD761 /* Services/ProjectCacheTests.swift */ = {isa = PBXFileReference; lastKnownFileType = sourcecode.swift; path = Services/ProjectCacheTests.swift; sourceTree = "<group>"; };
		5784B66BD98C4D448D390263 /* Services/ProjectChangeDetectorTests.swift */ = {isa = PBXFileReference; lastKnownFileType = sourcecode.swift; path = Services/ProjectChangeDetectorTests.swift; sourceTree = "<group>"; };
		CF04DCD734F7459B903E47A4 /* Store/ProjectStoreCreationTests.swift */ = {isa = PBXFileReference; lastKnownFileType = sourcecode.swift; path = Store/ProjectStoreCreationTests.swift; sourceTree = "<group>"; };
		1F984E1BF5A14E0AABEAEB41 /* Store/ProjectStoreMutationTests.swift */ = {isa = PBXFileReference; lastKnownFileType = sourcecode.swift; path = Store/ProjectStoreMutationTests.swift; sourceTree = "<group>"; };
		F7DE3A1447C4442497CC9916 /* Store/ProjectStoreTests.swift */ = {isa = PBXFileReference; lastKnownFileType = sourcecode.swift; path = Store/ProjectStoreTests.swift; sourceTree = "<group>"; };
		A4AD93EE1FB04A9D9CF802E5 /* Support/GitHubHTTPClients.swift */ = {isa = PBXFileReference; lastKnownFileType = sourcecode.swift; path = Support/GitHubHTTPClients.swift; sourceTree = "<group>"; };
		10606AD13FB545669AC004F6 /* Support/ProjectStoreFixtures.swift */ = {isa = PBXFileReference; lastKnownFileType = sourcecode.swift; path = Support/ProjectStoreFixtures.swift; sourceTree = "<group>"; };
		D2FBBF38805B473FB1ACAEF5 /* GitHubItemAddress.swift */ = {isa = PBXFileReference; lastKnownFileType = sourcecode.swift; path = GitHubItemAddress.swift; sourceTree = "<group>"; };
		B53D98D3EDD74DB89F2C48D6 /* AddProjectItemFields.swift */ = {isa = PBXFileReference; lastKnownFileType = sourcecode.swift; path = AddProjectItemFields.swift; sourceTree = "<group>"; };
		906BAEE59D54492EB681F8B9 /* ExistingProjectItemPicker.swift */ = {isa = PBXFileReference; lastKnownFileType = sourcecode.swift; path = ExistingProjectItemPicker.swift; sourceTree = "<group>"; };
		BACB16D1BB734F30BF32C09A /* NewProjectItemEditor.swift */ = {isa = PBXFileReference; lastKnownFileType = sourcecode.swift; path = NewProjectItemEditor.swift; sourceTree = "<group>"; };
		FF2A0BB18D464368ADC92757 /* Views/NewProjectItemDraftTests.swift */ = {isa = PBXFileReference; lastKnownFileType = sourcecode.swift; path = Views/NewProjectItemDraftTests.swift; sourceTree = "<group>"; };
		200CCB2760E44DB596C60314 /* ItemAssigneesSection.swift */ = {isa = PBXFileReference; lastKnownFileType = sourcecode.swift; path = ItemAssigneesSection.swift; sourceTree = "<group>"; };
		067616FE0D8F4BB582025D8E /* ItemLabelsSection.swift */ = {isa = PBXFileReference; lastKnownFileType = sourcecode.swift; path = ItemLabelsSection.swift; sourceTree = "<group>"; };
		AC6D407A095F41C7BAB85F69 /* ItemMilestoneSection.swift */ = {isa = PBXFileReference; lastKnownFileType = sourcecode.swift; path = ItemMilestoneSection.swift; sourceTree = "<group>"; };
		85B1AD773FC7441F91849A52 /* ItemPropertySection.swift */ = {isa = PBXFileReference; lastKnownFileType = sourcecode.swift; path = ItemPropertySection.swift; sourceTree = "<group>"; };
		393A98A954EB4E10A1B5C5B7 /* ItemRelationshipsSection.swift */ = {isa = PBXFileReference; lastKnownFileType = sourcecode.swift; path = ItemRelationshipsSection.swift; sourceTree = "<group>"; };
		4C5D182101734B84B6F77F9A /* KanbanColumnsView.swift */ = {isa = PBXFileReference; lastKnownFileType = sourcecode.swift; path = KanbanColumnsView.swift; sourceTree = "<group>"; };
		BFE21A0911D247109916D351 /* ProjectTableRows.swift */ = {isa = PBXFileReference; lastKnownFileType = sourcecode.swift; path = ProjectTableRows.swift; sourceTree = "<group>"; };
		409B744D9F7140539E4E1D1F /* ProjectWorkPreferences.swift */ = {isa = PBXFileReference; lastKnownFileType = sourcecode.swift; path = ProjectWorkPreferences.swift; sourceTree = "<group>"; };
		541867E96D4543D0A75FD19C /* TableDisplayOptions.swift */ = {isa = PBXFileReference; lastKnownFileType = sourcecode.swift; path = TableDisplayOptions.swift; sourceTree = "<group>"; };
		BC96BAC013BA436CA00244F9 /* MenuBarConnectionErrorView.swift */ = {isa = PBXFileReference; lastKnownFileType = sourcecode.swift; path = MenuBarConnectionErrorView.swift; sourceTree = "<group>"; };
		4E357115AA2E4E1C824AFD31 /* MenuBarControls.swift */ = {isa = PBXFileReference; lastKnownFileType = sourcecode.swift; path = MenuBarControls.swift; sourceTree = "<group>"; };
		6BE86DAE172A4F919768058D /* Views/ProjectWorkPreferencesTests.swift */ = {isa = PBXFileReference; lastKnownFileType = sourcecode.swift; path = Views/ProjectWorkPreferencesTests.swift; sourceTree = "<group>"; };
		DB0000000000000000000001 /* GitHubHTTPClient.swift */ = {isa = PBXFileReference; lastKnownFileType = sourcecode.swift; path = GitHubHTTPClient.swift; sourceTree = "<group>"; };
		DB0000000000000000000002 /* GitHubCredentialStore.swift */ = {isa = PBXFileReference; lastKnownFileType = sourcecode.swift; path = GitHubCredentialStore.swift; sourceTree = "<group>"; };
		DB0000000000000000000003 /* GitHubAuthentication.swift */ = {isa = PBXFileReference; lastKnownFileType = sourcecode.swift; path = GitHubAuthentication.swift; sourceTree = "<group>"; };
		DB0000000000000000000004 /* GitHubSettingsView.swift */ = {isa = PBXFileReference; lastKnownFileType = sourcecode.swift; path = GitHubSettingsView.swift; sourceTree = "<group>"; };
		DC100000 /* GitStride.app */ = {isa = PBXFileReference; explicitFileType = wrapper.application; includeInIndex = 0; path = GitStride.app; sourceTree = BUILT_PRODUCTS_DIR; };
		DB0000000000000000000005 /* Services/GitHubAuthenticationTests.swift */ = {isa = PBXFileReference; lastKnownFileType = sourcecode.swift; path = Services/GitHubAuthenticationTests.swift; sourceTree = "<group>"; };
/* End PBXFileReference section */

/* Begin PBXFrameworksBuildPhase section */
		A2000001 /* Frameworks */ = {
			isa = PBXFrameworksBuildPhase;
			buildActionMask = 2147483647;
			files = (
				A0000021 /* Sparkle in Frameworks */,
			);
			runOnlyForDeploymentPostprocessing = 0;
		};
		A2000004 /* Frameworks */ = {
			isa = PBXFrameworksBuildPhase;
			buildActionMask = 2147483647;
			files = (
			);
			runOnlyForDeploymentPostprocessing = 0;
		};
		DC200001 /* Frameworks */ = {
			isa = PBXFrameworksBuildPhase;
			buildActionMask = 2147483647;
			files = (
			);
			runOnlyForDeploymentPostprocessing = 0;
		};
/* End PBXFrameworksBuildPhase section */

/* Begin PBXGroup section */
		A3000000 = {
			isa = PBXGroup;
			children = (
				A3000001 /* GitStride */,
				A3000013 /* GitStrideTests */,
				A3000010 /* Products */,
			);
			sourceTree = "<group>";
		};
		A3000001 /* GitStride */ = {
			isa = PBXGroup;
			children = (
				BD0000000000000000000002 /* LICENSE */,
				A1000001 /* GitStrideApp.swift */,
				BF0000000000000000000002 /* Localizable.xcstrings */,
				A1000044 /* WorkspaceCommandContext.swift */,
				A3000002 /* Models */,
				A3000003 /* Services */,
				A3000004 /* Store */,
				A3000005 /* Views */,
				A3000009 /* Resources */,
				A1000017 /* Info.plist */,
				A1000018 /* GitStride.entitlements */,
			);
			path = GitStride;
			sourceTree = "<group>";
		};
		A3000002 /* Models */ = {
			isa = PBXGroup;
			children = (
				D2FBBF38805B473FB1ACAEF5 /* GitHubItemAddress.swift */,
				2DBCD291C4B440DEA92DDCC1 /* GitHubResponse.swift */,
				C889CA74D9304C369C5760E8 /* GitHubProjectResponse.swift */,
				77D827C9808D48FD9437123A /* GitHubItemResponse.swift */,
				52B9F07F89D944F1A1F080FE /* GitHubItemDetailResponse.swift */,
				A1000033 /* Monitoring.swift */,
				A1000035 /* QuickCreate.swift */,
				A1000028 /* MyWork.swift */,
				A1000002 /* Project.swift */,
				A1000003 /* ProjectItem.swift */,
				BB0000000000000000000001 /* ProjectWorkView.swift */,
				A1000039 /* ProjectItemDetail.swift */,
				A1000004 /* StatusOption.swift */,
			);
			path = Models;
			sourceTree = "<group>";
		};
		A3000003 /* Services */ = {
			isa = PBXGroup;
			children = (
				DB0000000000000000000003 /* GitHubAuthentication.swift */,
				DB0000000000000000000002 /* GitHubCredentialStore.swift */,
				DB0000000000000000000001 /* GitHubHTTPClient.swift */,
				A1000052 /* AutomationService.swift */,
				A1000022 /* GitHubCommandRunner.swift */,
				A1000027 /* ProjectCache.swift */,
				BC0000000000000000000002 /* ProjectDisplayPreferences.swift */,
				A1000034 /* ProjectMonitor.swift */,
				A1000005 /* GitHubService.swift */,
				A1000006 /* GraphQLQueries.swift */,
				A1000007 /* NotificationService.swift */,
				A1000053 /* ManagementTokenStore.swift */,
				D10000000000000000000002 /* AutomationServicePreferences.swift */,
				A1000020 /* UpdateController.swift */,
			);
			path = Services;
			sourceTree = "<group>";
		};
		A3000004 /* Store */ = {
			isa = PBXGroup;
			children = (
				A1000054 /* AutomationSetupModel.swift */,
				A1000032 /* GitStrideModel.swift */,
				A1000029 /* MyWorkStore.swift */,
				A1000008 /* ProjectStore.swift */,
			);
			path = Store;
			sourceTree = "<group>";
		};
		A3000005 /* Views */ = {
			isa = PBXGroup;
			children = (
				A3000014 /* MyWork */,
				A3000006 /* MenuBar */,
				A3000007 /* Kanban */,
				A3000008 /* Shared */,
				A3000011 /* Settings */,
			);
			path = Views;
			sourceTree = "<group>";
		};
		A3000006 /* MenuBar */ = {
			isa = PBXGroup;
			children = (
				4E357115AA2E4E1C824AFD31 /* MenuBarControls.swift */,
				BC96BAC013BA436CA00244F9 /* MenuBarConnectionErrorView.swift */,
				A1000009 /* MenuBarPopoverView.swift */,
				A1000049 /* MenuBarItemRow.swift */,
				A1000010 /* ProjectSelectorView.swift */,
			);
			path = MenuBar;
			sourceTree = "<group>";
		};
		A3000007 /* Kanban */ = {
			isa = PBXGroup;
			children = (
				541867E96D4543D0A75FD19C /* TableDisplayOptions.swift */,
				409B744D9F7140539E4E1D1F /* ProjectWorkPreferences.swift */,
				BFE21A0911D247109916D351 /* ProjectTableRows.swift */,
				4C5D182101734B84B6F77F9A /* KanbanColumnsView.swift */,
				A1000012 /* KanbanBoardView.swift */,
				B9000002 /* ProjectTableView.swift */,
				BB0000000000000000000002 /* ProjectWorkControls.swift */,
				A1000050 /* KanbanItemViews.swift */,
				A1000045 /* KanbanCardContextMenu.swift */,
				A1000046 /* KanbanCardContent.swift */,
			);
			path = Kanban;
			sourceTree = "<group>";
		};
		A3000008 /* Shared */ = {
			isa = PBXGroup;
			children = (
				BE0000000000000000000002 /* WelcomeView.swift */,
				393A98A954EB4E10A1B5C5B7 /* ItemRelationshipsSection.swift */,
				85B1AD773FC7441F91849A52 /* ItemPropertySection.swift */,
				AC6D407A095F41C7BAB85F69 /* ItemMilestoneSection.swift */,
				067616FE0D8F4BB582025D8E /* ItemLabelsSection.swift */,
				200CCB2760E44DB596C60314 /* ItemAssigneesSection.swift */,
				BACB16D1BB734F30BF32C09A /* NewProjectItemEditor.swift */,
				906BAEE59D54492EB681F8B9 /* ExistingProjectItemPicker.swift */,
				B53D98D3EDD74DB89F2C48D6 /* AddProjectItemFields.swift */,
				D749BF94B5164F1385503B20 /* ProjectManagementViews.swift */,
				A1000025 /* AddProjectItemView.swift */,
				A1000037 /* EngineeringSignalsView.swift */,
				A1000043 /* GitHubHTMLBodyView.swift */,
				A1000040 /* ItemDescriptionView.swift */,
				92917782F0194B5FA178787A /* ItemContentEditorView.swift */,
				A1000026 /* ItemInspectorView.swift */,
				A1000041 /* ItemPropertiesView.swift */,
				A1000051 /* IssueRelationEditorView.swift */,
				A1000042 /* ProjectFieldEditor.swift */,
				A1000015 /* OperationErrorBanner.swift */,
			);
			path = Shared;
			sourceTree = "<group>";
		};
		A3000009 /* Resources */ = {
			isa = PBXGroup;
			children = (
				A1000047 /* AppIcon.icon */,
			);
			path = Resources;
			sourceTree = "<group>";
		};
		A3000010 /* Products */ = {
			isa = PBXGroup;
			children = (
				DC100000 /* GitStride.app */,
				A1000000 /* GitStride.app */,
				A1000024 /* GitStrideTests.xctest */,
			);
			name = Products;
			sourceTree = "<group>";
		};
		A3000011 /* Settings */ = {
			isa = PBXGroup;
			children = (
				DB0000000000000000000004 /* GitHubSettingsView.swift */,
				A1000058 /* AutomationConnectionList.swift */,
				A1000056 /* AutomationConfigurationForm.swift */,
				A1000055 /* AutomationSettingsView.swift */,
				A1000019 /* SettingsView.swift */,
				A1000057 /* StatusOptionPicker.swift */,
			);
			path = Settings;
			sourceTree = "<group>";
		};
		A3000013 /* GitStrideTests */ = {
			isa = PBXGroup;
			children = (
				DB0000000000000000000005 /* Services/GitHubAuthenticationTests.swift */,
				6BE86DAE172A4F919768058D /* Views/ProjectWorkPreferencesTests.swift */,
				FF2A0BB18D464368ADC92757 /* Views/NewProjectItemDraftTests.swift */,
				F7DE3A1447C4442497CC9916 /* Store/ProjectStoreTests.swift */,
				1F984E1BF5A14E0AABEAEB41 /* Store/ProjectStoreMutationTests.swift */,
				CF04DCD734F7459B903E47A4 /* Store/ProjectStoreCreationTests.swift */,
				5784B66BD98C4D448D390263 /* Services/ProjectChangeDetectorTests.swift */,
				EDE756C642FB4254A3DDD761 /* Services/ProjectCacheTests.swift */,
				10606AD13FB545669AC004F6 /* Support/ProjectStoreFixtures.swift */,
				A4AD93EE1FB04A9D9CF802E5 /* Support/GitHubHTTPClients.swift */,
				1A1E2B59828146B583272AC1 /* Models/QuickCreateParserTests.swift */,
				1D54A1FF71F84F028C7906C8 /* Models/MyWorkFilterTests.swift */,
				62F8302DE36A45B8A30CC33A /* Models/IssueRelationKindTests.swift */,
				A1000023 /* Services/GitHubServiceTests.swift */,
				A1000059 /* Store/AutomationSetupModelTests.swift */,
				D10000000000000000000004 /* Services/AutomationServicePreferencesTests.swift */,
				B9000004 /* Views/ProjectTableTests.swift */,
			);
			path = GitStrideTests;
			sourceTree = "<group>";
		};
		A3000014 /* MyWork */ = {
			isa = PBXGroup;
			children = (
				A1000030 /* MainWorkspaceView.swift */,
				A1000031 /* MyWorkView.swift */,
			);
			path = MyWork;
			sourceTree = "<group>";
		};
/* End PBXGroup section */

/* Begin PBXNativeTarget section */
		A4000001 /* GitStride */ = {
			isa = PBXNativeTarget;
			buildConfigurationList = A5000003 /* Build configuration list for PBXNativeTarget "GitStride" */;
			buildPhases = (
				A2000002 /* Sources */,
				A2000001 /* Frameworks */,
				A2000003 /* Resources */,
			);
			buildRules = (
			);
			dependencies = (
			);
			name = GitStride;
			packageProductDependencies = (
				A6000001 /* Sparkle */,
			);
			productName = GitStride;
			productReference = A1000000 /* GitStride.app */;
			productType = "com.apple.product-type.application";
		};
		A4000002 /* GitStrideTests */ = {
			isa = PBXNativeTarget;
			buildConfigurationList = A5000009 /* Build configuration list for PBXNativeTarget "GitStrideTests" */;
			buildPhases = (
				A2000005 /* Sources */,
				A2000004 /* Frameworks */,
				A2000006 /* Resources */,
			);
			buildRules = (
			);
			dependencies = (
				A7000001 /* PBXTargetDependency */,
			);
			name = GitStrideTests;
			productName = GitStrideTests;
			productReference = A1000024 /* GitStrideTests.xctest */;
			productType = "com.apple.product-type.bundle.unit-test";
		};
		DC400001 /* GitStrideAppStore */ = {
			isa = PBXNativeTarget;
			buildConfigurationList = DC500003 /* Build configuration list for PBXNativeTarget "GitStride" */;
			buildPhases = (
				DC200002 /* Sources */,
				DC200001 /* Frameworks */,
				DC200003 /* Resources */,
			);
			buildRules = (
			);
			dependencies = (
			);
			name = GitStrideAppStore;
			packageProductDependencies = ();
			productName = GitStride;
			productReference = DC100000 /* GitStride.app */;
			productType = "com.apple.product-type.application";
		};
/* End PBXNativeTarget section */

/* Begin PBXProject section */
		A4000000 /* Project object */ = {
			isa = PBXProject;
			attributes = {
				BuildIndependentTargetsInParallel = 1;
				LastSwiftUpdateCheck = 1500;
				LastUpgradeCheck = 2650;
				TargetAttributes = {
					A4000001 = {
						CreatedOnToolsVersion = 15.0;
					};
					A4000002 = {
						CreatedOnToolsVersion = 26.0;
						TestTargetID = A4000001;
					};
				};
			};
			buildConfigurationList = A5000001 /* Build configuration list for PBXProject "GitStride" */;
			compatibilityVersion = "Xcode 14.0";
			developmentRegion = en;
			hasScannedForEncodings = 0;
			knownRegions = (
				en,
				Base,
				"zh-Hans",
			);
			mainGroup = A3000000;
			packageReferences = (
				A6000000 /* XCRemoteSwiftPackageReference "Sparkle" */,
			);
			productRefGroup = A3000010 /* Products */;
			projectDirPath = "";
			projectRoot = "";
			targets = (
				DC400001 /* GitStrideAppStore */,
				A4000001 /* GitStride */,
				A4000002 /* GitStrideTests */,
			);
		};
/* End PBXProject section */

/* Begin PBXResourcesBuildPhase section */
		A2000003 /* Resources */ = {
			isa = PBXResourcesBuildPhase;
			buildActionMask = 2147483647;
			files = (
				A0000047 /* AppIcon.icon in Resources */,
				BD0000000000000000000001 /* LICENSE in Resources */,
				BF0000000000000000000001 /* Localizable.xcstrings in Resources */,
			);
			runOnlyForDeploymentPostprocessing = 0;
		};
		A2000006 /* Resources */ = {
			isa = PBXResourcesBuildPhase;
			buildActionMask = 2147483647;
			files = (
			);
			runOnlyForDeploymentPostprocessing = 0;
		};
		DC200003 /* Resources */ = {
			isa = PBXResourcesBuildPhase;
			buildActionMask = 2147483647;
			files = (
				A0000047 /* AppIcon.icon in Resources */,
				BD0000000000000000000001 /* LICENSE in Resources */,
				BF0000000000000000000001 /* Localizable.xcstrings in Resources */,
			);
			runOnlyForDeploymentPostprocessing = 0;
		};
/* End PBXResourcesBuildPhase section */

/* Begin PBXSourcesBuildPhase section */
		A2000002 /* Sources */ = {
			isa = PBXSourcesBuildPhase;
			buildActionMask = 2147483647;
			files = (
				DA0000000000000000000004 /* GitHubSettingsView.swift in Sources */,
				BE0000000000000000000001 /* WelcomeView.swift in Sources */,
				DA0000000000000000000003 /* GitHubAuthentication.swift in Sources */,
				DA0000000000000000000002 /* GitHubCredentialStore.swift in Sources */,
				DA0000000000000000000001 /* GitHubHTTPClient.swift in Sources */,
				DF3F8A19CD864E769BBE7AC2 /* MenuBarControls.swift in Sources */,
				F42F07F625C74252B54C3FE2 /* MenuBarConnectionErrorView.swift in Sources */,
				F64E84B907504E47A758E117 /* TableDisplayOptions.swift in Sources */,
				B25D980EFC4840B0A60615D9 /* ProjectWorkPreferences.swift in Sources */,
				FB4726B9B6864204851AC806 /* ProjectTableRows.swift in Sources */,
				3069EB3E513B4854B1AC21D9 /* KanbanColumnsView.swift in Sources */,
				88980FE0BAF047A1A87221B1 /* ItemRelationshipsSection.swift in Sources */,
				3C2B7D323DB347409FD29995 /* ItemPropertySection.swift in Sources */,
				96213ACF191740819FF81303 /* ItemMilestoneSection.swift in Sources */,
				95F40CC60C9D4E16A2EE8C4D /* ItemLabelsSection.swift in Sources */,
				481568AA2C0A41AEA9696AAF /* ItemAssigneesSection.swift in Sources */,
				153AA0C9C2AD4AFDA2C82D5C /* NewProjectItemEditor.swift in Sources */,
				0A268DFF1FB34EA2A03336F0 /* ExistingProjectItemPicker.swift in Sources */,
				B94760305D8740FB8B6A2C40 /* AddProjectItemFields.swift in Sources */,
				2AA6068167E44C96992DFA85 /* GitHubItemAddress.swift in Sources */,
				F4C4EC6897F848BE861A88A0 /* GitHubResponse.swift in Sources */,
				1C80C18DA5C64410A2039F07 /* GitHubProjectResponse.swift in Sources */,
				FB73159F4080424AA43E78DE /* GitHubItemResponse.swift in Sources */,
				7A0F4D28F23548ED9EFD0F2E /* GitHubItemDetailResponse.swift in Sources */,
				A0000001 /* GitStrideApp.swift in Sources */,
				A0000052 /* AutomationService.swift in Sources */,
				A0000053 /* ManagementTokenStore.swift in Sources */,
				D10000000000000000000001 /* AutomationServicePreferences.swift in Sources */,
				A0000054 /* AutomationSetupModel.swift in Sources */,
				A0000055 /* AutomationSettingsView.swift in Sources */,
				A0000056 /* AutomationConfigurationForm.swift in Sources */,
				A0000057 /* StatusOptionPicker.swift in Sources */,
				A0000058 /* AutomationConnectionList.swift in Sources */,
				A0000044 /* WorkspaceCommandContext.swift in Sources */,
				A0000033 /* Monitoring.swift in Sources */,
				A0000035 /* QuickCreate.swift in Sources */,
				A0000002 /* Project.swift in Sources */,
				A0000003 /* ProjectItem.swift in Sources */,
				BA0000000000000000000001 /* ProjectWorkView.swift in Sources */,
				A0000039 /* ProjectItemDetail.swift in Sources */,
				A0000004 /* StatusOption.swift in Sources */,
				A0000005 /* GitHubService.swift in Sources */,
				A0000022 /* GitHubCommandRunner.swift in Sources */,
				A0000027 /* ProjectCache.swift in Sources */,
				BC0000000000000000000001 /* ProjectDisplayPreferences.swift in Sources */,
				A0000028 /* MyWork.swift in Sources */,
				A0000006 /* GraphQLQueries.swift in Sources */,
				A0000007 /* NotificationService.swift in Sources */,
				A0000008 /* ProjectStore.swift in Sources */,
				A0000029 /* MyWorkStore.swift in Sources */,
				A0000032 /* GitStrideModel.swift in Sources */,
				A0000034 /* ProjectMonitor.swift in Sources */,
				A0000009 /* MenuBarPopoverView.swift in Sources */,
				A0000010 /* ProjectSelectorView.swift in Sources */,
				A0000012 /* KanbanBoardView.swift in Sources */,
				B9000001 /* ProjectTableView.swift in Sources */,
				BA0000000000000000000002 /* ProjectWorkControls.swift in Sources */,
				A0000045 /* KanbanCardContextMenu.swift in Sources */,
				A0000046 /* KanbanCardContent.swift in Sources */,
				A0000049 /* MenuBarItemRow.swift in Sources */,
				A0000050 /* KanbanItemViews.swift in Sources */,
				A0000030 /* MainWorkspaceView.swift in Sources */,
				A0000031 /* MyWorkView.swift in Sources */,
				CA461A15C72B4DBDAAB413CC /* ProjectManagementViews.swift in Sources */,
				A0000025 /* AddProjectItemView.swift in Sources */,
				A0000037 /* EngineeringSignalsView.swift in Sources */,
				A0000043 /* GitHubHTMLBodyView.swift in Sources */,
				A0000040 /* ItemDescriptionView.swift in Sources */,
				2DD77887FA1449C58FA45800 /* ItemContentEditorView.swift in Sources */,
				A0000026 /* ItemInspectorView.swift in Sources */,
				A0000041 /* ItemPropertiesView.swift in Sources */,
				A0000051 /* IssueRelationEditorView.swift in Sources */,
				A0000042 /* ProjectFieldEditor.swift in Sources */,
				A0000015 /* OperationErrorBanner.swift in Sources */,
				A0000019 /* SettingsView.swift in Sources */,
				A0000020 /* UpdateController.swift in Sources */,
			);
			runOnlyForDeploymentPostprocessing = 0;
		};
		A2000005 /* Sources */ = {
			isa = PBXSourcesBuildPhase;
			buildActionMask = 2147483647;
			files = (
				DA0000000000000000000005 /* Services/GitHubAuthenticationTests.swift in Sources */,
				7E11B23897274E1A8C79FFD8 /* Views/ProjectWorkPreferencesTests.swift in Sources */,
				FFC8E795899043D584F51D7F /* Views/NewProjectItemDraftTests.swift in Sources */,
				1256B447FBC34D199F0B53D1 /* Support/ProjectStoreFixtures.swift in Sources */,
				1C5E5C020F46418DB08480DC /* Support/GitHubHTTPClients.swift in Sources */,
				57FD432CD7CB41478DAE15A1 /* Store/ProjectStoreTests.swift in Sources */,
				4C521BC4648C43B3BF2B65CD /* Store/ProjectStoreMutationTests.swift in Sources */,
				51869C985D0A4103B88B3E70 /* Store/ProjectStoreCreationTests.swift in Sources */,
				307F6B23D207484E89AA1B4F /* Services/ProjectChangeDetectorTests.swift in Sources */,
				034A1C5457534637AA06944F /* Services/ProjectCacheTests.swift in Sources */,
				2B550291461E48A58A46B68D /* Models/QuickCreateParserTests.swift in Sources */,
				7AB806798EC14966808C06FF /* Models/MyWorkFilterTests.swift in Sources */,
				8BF8F992CB6A45E59C592ECB /* Models/IssueRelationKindTests.swift in Sources */,
				A0000023 /* Services/GitHubServiceTests.swift in Sources */,
				A0000059 /* Store/AutomationSetupModelTests.swift in Sources */,
				D10000000000000000000003 /* Services/AutomationServicePreferencesTests.swift in Sources */,
				B9000003 /* Views/ProjectTableTests.swift in Sources */,
			);
			runOnlyForDeploymentPostprocessing = 0;
		};
		DC200002 /* Sources */ = {
			isa = PBXSourcesBuildPhase;
			buildActionMask = 2147483647;
			files = (
				DA0000000000000000000004 /* GitHubSettingsView.swift in Sources */,
				BE0000000000000000000001 /* WelcomeView.swift in Sources */,
				DA0000000000000000000003 /* GitHubAuthentication.swift in Sources */,
				DA0000000000000000000002 /* GitHubCredentialStore.swift in Sources */,
				DA0000000000000000000001 /* GitHubHTTPClient.swift in Sources */,
				DF3F8A19CD864E769BBE7AC2 /* MenuBarControls.swift in Sources */,
				F42F07F625C74252B54C3FE2 /* MenuBarConnectionErrorView.swift in Sources */,
				F64E84B907504E47A758E117 /* TableDisplayOptions.swift in Sources */,
				B25D980EFC4840B0A60615D9 /* ProjectWorkPreferences.swift in Sources */,
				FB4726B9B6864204851AC806 /* ProjectTableRows.swift in Sources */,
				3069EB3E513B4854B1AC21D9 /* KanbanColumnsView.swift in Sources */,
				88980FE0BAF047A1A87221B1 /* ItemRelationshipsSection.swift in Sources */,
				3C2B7D323DB347409FD29995 /* ItemPropertySection.swift in Sources */,
				96213ACF191740819FF81303 /* ItemMilestoneSection.swift in Sources */,
				95F40CC60C9D4E16A2EE8C4D /* ItemLabelsSection.swift in Sources */,
				481568AA2C0A41AEA9696AAF /* ItemAssigneesSection.swift in Sources */,
				153AA0C9C2AD4AFDA2C82D5C /* NewProjectItemEditor.swift in Sources */,
				0A268DFF1FB34EA2A03336F0 /* ExistingProjectItemPicker.swift in Sources */,
				B94760305D8740FB8B6A2C40 /* AddProjectItemFields.swift in Sources */,
				2AA6068167E44C96992DFA85 /* GitHubItemAddress.swift in Sources */,
				F4C4EC6897F848BE861A88A0 /* GitHubResponse.swift in Sources */,
				1C80C18DA5C64410A2039F07 /* GitHubProjectResponse.swift in Sources */,
				FB73159F4080424AA43E78DE /* GitHubItemResponse.swift in Sources */,
				7A0F4D28F23548ED9EFD0F2E /* GitHubItemDetailResponse.swift in Sources */,
				A0000001 /* GitStrideApp.swift in Sources */,
				A0000052 /* AutomationService.swift in Sources */,
				A0000053 /* ManagementTokenStore.swift in Sources */,
				D10000000000000000000001 /* AutomationServicePreferences.swift in Sources */,
				A0000054 /* AutomationSetupModel.swift in Sources */,
				A0000055 /* AutomationSettingsView.swift in Sources */,
				A0000056 /* AutomationConfigurationForm.swift in Sources */,
				A0000057 /* StatusOptionPicker.swift in Sources */,
				A0000058 /* AutomationConnectionList.swift in Sources */,
				A0000044 /* WorkspaceCommandContext.swift in Sources */,
				A0000033 /* Monitoring.swift in Sources */,
				A0000035 /* QuickCreate.swift in Sources */,
				A0000002 /* Project.swift in Sources */,
				A0000003 /* ProjectItem.swift in Sources */,
				BA0000000000000000000001 /* ProjectWorkView.swift in Sources */,
				A0000039 /* ProjectItemDetail.swift in Sources */,
				A0000004 /* StatusOption.swift in Sources */,
				A0000005 /* GitHubService.swift in Sources */,
				A0000027 /* ProjectCache.swift in Sources */,
				BC0000000000000000000001 /* ProjectDisplayPreferences.swift in Sources */,
				A0000028 /* MyWork.swift in Sources */,
				A0000006 /* GraphQLQueries.swift in Sources */,
				A0000007 /* NotificationService.swift in Sources */,
				A0000008 /* ProjectStore.swift in Sources */,
				A0000029 /* MyWorkStore.swift in Sources */,
				A0000032 /* GitStrideModel.swift in Sources */,
				A0000034 /* ProjectMonitor.swift in Sources */,
				A0000009 /* MenuBarPopoverView.swift in Sources */,
				A0000010 /* ProjectSelectorView.swift in Sources */,
				A0000012 /* KanbanBoardView.swift in Sources */,
				B9000001 /* ProjectTableView.swift in Sources */,
				BA0000000000000000000002 /* ProjectWorkControls.swift in Sources */,
				A0000045 /* KanbanCardContextMenu.swift in Sources */,
				A0000046 /* KanbanCardContent.swift in Sources */,
				A0000049 /* MenuBarItemRow.swift in Sources */,
				A0000050 /* KanbanItemViews.swift in Sources */,
				A0000030 /* MainWorkspaceView.swift in Sources */,
				A0000031 /* MyWorkView.swift in Sources */,
				CA461A15C72B4DBDAAB413CC /* ProjectManagementViews.swift in Sources */,
				A0000025 /* AddProjectItemView.swift in Sources */,
				A0000037 /* EngineeringSignalsView.swift in Sources */,
				A0000043 /* GitHubHTMLBodyView.swift in Sources */,
				A0000040 /* ItemDescriptionView.swift in Sources */,
				2DD77887FA1449C58FA45800 /* ItemContentEditorView.swift in Sources */,
				A0000026 /* ItemInspectorView.swift in Sources */,
				A0000041 /* ItemPropertiesView.swift in Sources */,
				A0000051 /* IssueRelationEditorView.swift in Sources */,
				A0000042 /* ProjectFieldEditor.swift in Sources */,
				A0000015 /* OperationErrorBanner.swift in Sources */,
				A0000019 /* SettingsView.swift in Sources */,
			);
			runOnlyForDeploymentPostprocessing = 0;
		};
/* End PBXSourcesBuildPhase section */

/* Begin PBXTargetDependency section */
		A7000001 /* PBXTargetDependency */ = {
			isa = PBXTargetDependency;
			target = A4000001 /* GitStride */;
			targetProxy = A7000000 /* PBXContainerItemProxy */;
		};
/* End PBXTargetDependency section */

/* Begin XCBuildConfiguration section */
		A5000002 /* Debug */ = {
			isa = XCBuildConfiguration;
			buildSettings = {
				ALWAYS_SEARCH_USER_PATHS = NO;
				ASSETCATALOG_COMPILER_GENERATE_SWIFT_ASSET_SYMBOL_EXTENSIONS = YES;
				CLANG_ANALYZER_NONNULL = YES;
				CLANG_ANALYZER_NUMBER_OBJECT_CONVERSION = YES_AGGRESSIVE;
				CLANG_CXX_LANGUAGE_STANDARD = "gnu++20";
				CLANG_ENABLE_MODULES = YES;
				CLANG_ENABLE_OBJC_ARC = YES;
				CLANG_ENABLE_OBJC_WEAK = YES;
				CLANG_WARN_BLOCK_CAPTURE_AUTORELEASING = YES;
				CLANG_WARN_BOOL_CONVERSION = YES;
				CLANG_WARN_COMMA = YES;
				CLANG_WARN_CONSTANT_CONVERSION = YES;
				CLANG_WARN_DEPRECATED_OBJC_IMPLEMENTATIONS = YES;
				CLANG_WARN_DIRECT_OBJC_ISA_USAGE = YES_ERROR;
				CLANG_WARN_DOCUMENTATION_COMMENTS = YES;
				CLANG_WARN_EMPTY_BODY = YES;
				CLANG_WARN_ENUM_CONVERSION = YES;
				CLANG_WARN_INFINITE_RECURSION = YES;
				CLANG_WARN_INT_CONVERSION = YES;
				CLANG_WARN_NON_LITERAL_NULL_CONVERSION = YES;
				CLANG_WARN_OBJC_IMPLICIT_RETAIN_SELF = YES;
				CLANG_WARN_OBJC_LITERAL_CONVERSION = YES;
				CLANG_WARN_OBJC_ROOT_CLASS = YES_ERROR;
				CLANG_WARN_QUOTED_INCLUDE_IN_FRAMEWORK_HEADER = YES;
				CLANG_WARN_RANGE_LOOP_ANALYSIS = YES;
				CLANG_WARN_STRICT_PROTOTYPES = YES;
				CLANG_WARN_SUSPICIOUS_MOVE = YES;
				CLANG_WARN_UNGUARDED_AVAILABILITY = YES_AGGRESSIVE;
				CLANG_WARN_UNREACHABLE_CODE = YES;
				CLANG_WARN__DUPLICATE_METHOD_MATCH = YES;
				COPY_PHASE_STRIP = NO;
				DEAD_CODE_STRIPPING = YES;
				DEBUG_INFORMATION_FORMAT = dwarf;
				ENABLE_STRICT_OBJC_MSGSEND = YES;
				ENABLE_TESTABILITY = YES;
				ENABLE_USER_SCRIPT_SANDBOXING = YES;
				GCC_C_LANGUAGE_STANDARD = gnu17;
				GCC_DYNAMIC_NO_PIC = NO;
				GCC_NO_COMMON_BLOCKS = YES;
				GCC_OPTIMIZATION_LEVEL = 0;
				GCC_PREPROCESSOR_DEFINITIONS = (
					"DEBUG=1",
					"$(inherited)",
				);
				GCC_WARN_64_TO_32_BIT_CONVERSION = YES;
				GCC_WARN_ABOUT_RETURN_TYPE = YES_ERROR;
				GCC_WARN_UNDECLARED_SELECTOR = YES;
				GCC_WARN_UNINITIALIZED_AUTOS = YES_AGGRESSIVE;
				GCC_WARN_UNUSED_FUNCTION = YES;
				GCC_WARN_UNUSED_VARIABLE = YES;
				LOCALIZATION_PREFERS_STRING_CATALOGS = YES;
				MACOSX_DEPLOYMENT_TARGET = 14.0;
				MTL_ENABLE_DEBUG_INFO = INCLUDE_SOURCE;
				MTL_FAST_MATH = YES;
				ONLY_ACTIVE_ARCH = YES;
				SDKROOT = macosx;
				STRING_CATALOG_GENERATE_SYMBOLS = YES;
				SWIFT_ACTIVE_COMPILATION_CONDITIONS = "DEBUG $(inherited)";
				SWIFT_OPTIMIZATION_LEVEL = "-Onone";
			};
			name = Debug;
		};
		A5000004 /* Release */ = {
			isa = XCBuildConfiguration;
			buildSettings = {
				ALWAYS_SEARCH_USER_PATHS = NO;
				ASSETCATALOG_COMPILER_GENERATE_SWIFT_ASSET_SYMBOL_EXTENSIONS = YES;
				CLANG_ANALYZER_NONNULL = YES;
				CLANG_ANALYZER_NUMBER_OBJECT_CONVERSION = YES_AGGRESSIVE;
				CLANG_CXX_LANGUAGE_STANDARD = "gnu++20";
				CLANG_ENABLE_MODULES = YES;
				CLANG_ENABLE_OBJC_ARC = YES;
				CLANG_ENABLE_OBJC_WEAK = YES;
				CLANG_WARN_BLOCK_CAPTURE_AUTORELEASING = YES;
				CLANG_WARN_BOOL_CONVERSION = YES;
				CLANG_WARN_COMMA = YES;
				CLANG_WARN_CONSTANT_CONVERSION = YES;
				CLANG_WARN_DEPRECATED_OBJC_IMPLEMENTATIONS = YES;
				CLANG_WARN_DIRECT_OBJC_ISA_USAGE = YES_ERROR;
				CLANG_WARN_DOCUMENTATION_COMMENTS = YES;
				CLANG_WARN_EMPTY_BODY = YES;
				CLANG_WARN_ENUM_CONVERSION = YES;
				CLANG_WARN_INFINITE_RECURSION = YES;
				CLANG_WARN_INT_CONVERSION = YES;
				CLANG_WARN_NON_LITERAL_NULL_CONVERSION = YES;
				CLANG_WARN_OBJC_IMPLICIT_RETAIN_SELF = YES;
				CLANG_WARN_OBJC_LITERAL_CONVERSION = YES;
				CLANG_WARN_OBJC_ROOT_CLASS = YES_ERROR;
				CLANG_WARN_QUOTED_INCLUDE_IN_FRAMEWORK_HEADER = YES;
				CLANG_WARN_RANGE_LOOP_ANALYSIS = YES;
				CLANG_WARN_STRICT_PROTOTYPES = YES;
				CLANG_WARN_SUSPICIOUS_MOVE = YES;
				CLANG_WARN_UNGUARDED_AVAILABILITY = YES_AGGRESSIVE;
				CLANG_WARN_UNREACHABLE_CODE = YES;
				CLANG_WARN__DUPLICATE_METHOD_MATCH = YES;
				COPY_PHASE_STRIP = NO;
				DEAD_CODE_STRIPPING = YES;
				DEBUG_INFORMATION_FORMAT = "dwarf-with-dsym";
				ENABLE_NS_ASSERTIONS = NO;
				ENABLE_STRICT_OBJC_MSGSEND = YES;
				ENABLE_USER_SCRIPT_SANDBOXING = YES;
				GCC_C_LANGUAGE_STANDARD = gnu17;
				GCC_NO_COMMON_BLOCKS = YES;
				GCC_WARN_64_TO_32_BIT_CONVERSION = YES;
				GCC_WARN_ABOUT_RETURN_TYPE = YES_ERROR;
				GCC_WARN_UNDECLARED_SELECTOR = YES;
				GCC_WARN_UNINITIALIZED_AUTOS = YES_AGGRESSIVE;
				GCC_WARN_UNUSED_FUNCTION = YES;
				GCC_WARN_UNUSED_VARIABLE = YES;
				LOCALIZATION_PREFERS_STRING_CATALOGS = YES;
				MACOSX_DEPLOYMENT_TARGET = 14.0;
				MTL_ENABLE_DEBUG_INFO = NO;
				MTL_FAST_MATH = YES;
				SDKROOT = macosx;
				STRING_CATALOG_GENERATE_SYMBOLS = YES;
				SWIFT_COMPILATION_MODE = wholemodule;
			};
			name = Release;
		};
		A5000005 /* Debug */ = {
			isa = XCBuildConfiguration;
			buildSettings = {
				ASSETCATALOG_COMPILER_APPICON_NAME = AppIcon;
				CODE_SIGN_ENTITLEMENTS = GitStride/GitStride.entitlements;
				CODE_SIGN_STYLE = Automatic;
				COMBINE_HIDPI_IMAGES = YES;
				CURRENT_PROJECT_VERSION = 1;
				DEAD_CODE_STRIPPING = YES;
				DEVELOPMENT_TEAM = G38CM6VNCC;
				ENABLE_HARDENED_RUNTIME = YES;
				GENERATE_INFOPLIST_FILE = NO;
				GITSTRIDE_OAUTH_CLIENT_ID = Ov23liP4CiYF6mIHqcVa;
				GITSTRIDE_AUTOMATION_BASE_URL = "https://gitstride-automation.zwyyy456.workers.dev";
				INFOPLIST_FILE = GitStride/Info.plist;
				INFOPLIST_KEY_LSApplicationCategoryType = "public.app-category.developer-tools";
				INFOPLIST_KEY_NSHumanReadableCopyright = "";
				LD_RUNPATH_SEARCH_PATHS = (
					"$(inherited)",
					"@executable_path/../Frameworks",
				);
				MARKETING_VERSION = 1.0;
				PRODUCT_BUNDLE_IDENTIFIER = tech.hyperseek.gitstride;
				PRODUCT_NAME = "$(TARGET_NAME)";
				SWIFT_EMIT_LOC_STRINGS = YES;
				SWIFT_STRICT_CONCURRENCY = complete;
				SWIFT_VERSION = 5.0;
			};
			name = Debug;
		};
		A5000006 /* Release */ = {
			isa = XCBuildConfiguration;
			buildSettings = {
				ASSETCATALOG_COMPILER_APPICON_NAME = AppIcon;
				CODE_SIGN_ENTITLEMENTS = GitStride/GitStride.entitlements;
				CODE_SIGN_STYLE = Automatic;
				COMBINE_HIDPI_IMAGES = YES;
				CURRENT_PROJECT_VERSION = 1;
				DEAD_CODE_STRIPPING = YES;
				DEVELOPMENT_TEAM = G38CM6VNCC;
				ENABLE_HARDENED_RUNTIME = YES;
				GENERATE_INFOPLIST_FILE = NO;
				GITSTRIDE_OAUTH_CLIENT_ID = Ov23liP4CiYF6mIHqcVa;
				GITSTRIDE_AUTOMATION_BASE_URL = "https://gitstride-automation.zwyyy456.workers.dev";
				INFOPLIST_FILE = GitStride/Info.plist;
				INFOPLIST_KEY_LSApplicationCategoryType = "public.app-category.developer-tools";
				INFOPLIST_KEY_NSHumanReadableCopyright = "";
				LD_RUNPATH_SEARCH_PATHS = (
					"$(inherited)",
					"@executable_path/../Frameworks",
				);
				MARKETING_VERSION = 1.0;
				PRODUCT_BUNDLE_IDENTIFIER = tech.hyperseek.gitstride;
				PRODUCT_NAME = "$(TARGET_NAME)";
				SWIFT_EMIT_LOC_STRINGS = YES;
				SWIFT_STRICT_CONCURRENCY = complete;
				SWIFT_VERSION = 5.0;
			};
			name = Release;
		};
		A5000007 /* Debug */ = {
			isa = XCBuildConfiguration;
			buildSettings = {
				BUNDLE_LOADER = "$(TEST_HOST)";
				CODE_SIGN_STYLE = Automatic;
				DEAD_CODE_STRIPPING = YES;
				DEVELOPMENT_TEAM = G38CM6VNCC;
				GENERATE_INFOPLIST_FILE = YES;
				MACOSX_DEPLOYMENT_TARGET = 14.0;
				PRODUCT_BUNDLE_IDENTIFIER = tech.hyperseek.gitstride.tests;
				PRODUCT_NAME = "$(TARGET_NAME)";
				SWIFT_STRICT_CONCURRENCY = complete;
				SWIFT_VERSION = 5.0;
				TEST_HOST = "$(BUILT_PRODUCTS_DIR)/GitStride.app/Contents/MacOS/GitStride";
			};
			name = Debug;
		};
		A5000008 /* Release */ = {
			isa = XCBuildConfiguration;
			buildSettings = {
				BUNDLE_LOADER = "$(TEST_HOST)";
				CODE_SIGN_STYLE = Automatic;
				DEAD_CODE_STRIPPING = YES;
				DEVELOPMENT_TEAM = G38CM6VNCC;
				GENERATE_INFOPLIST_FILE = YES;
				MACOSX_DEPLOYMENT_TARGET = 14.0;
				PRODUCT_BUNDLE_IDENTIFIER = tech.hyperseek.gitstride.tests;
				PRODUCT_NAME = "$(TARGET_NAME)";
				SWIFT_STRICT_CONCURRENCY = complete;
				SWIFT_VERSION = 5.0;
				TEST_HOST = "$(BUILT_PRODUCTS_DIR)/GitStride.app/Contents/MacOS/GitStride";
			};
			name = Release;
		};
		DC500005 /* Debug */ = {
			isa = XCBuildConfiguration;
			buildSettings = {
				ASSETCATALOG_COMPILER_APPICON_NAME = AppIcon;
				CODE_SIGN_ENTITLEMENTS = GitStride/GitStrideAppStore.entitlements;
				CODE_SIGN_STYLE = Automatic;
				COMBINE_HIDPI_IMAGES = YES;
				CURRENT_PROJECT_VERSION = 1;
				DEAD_CODE_STRIPPING = YES;
				DEVELOPMENT_TEAM = G38CM6VNCC;
				ENABLE_HARDENED_RUNTIME = YES;
				GENERATE_INFOPLIST_FILE = NO;
				GITSTRIDE_OAUTH_CLIENT_ID = Ov23liP4CiYF6mIHqcVa;
				GITSTRIDE_AUTOMATION_BASE_URL = "https://gitstride-automation.zwyyy456.workers.dev";
				INFOPLIST_FILE = GitStride/Info-AppStore.plist;
				INFOPLIST_KEY_LSApplicationCategoryType = "public.app-category.developer-tools";
				INFOPLIST_KEY_NSHumanReadableCopyright = "";
				LD_RUNPATH_SEARCH_PATHS = (
					"$(inherited)",
					"@executable_path/../Frameworks",
				);
				MARKETING_VERSION = 1.0;
				PRODUCT_BUNDLE_IDENTIFIER = tech.hyperseek.gitstride;
				PRODUCT_NAME = GitStride;
				SWIFT_EMIT_LOC_STRINGS = YES;
				SWIFT_STRICT_CONCURRENCY = complete;
				SWIFT_VERSION = 5.0;
				SWIFT_ACTIVE_COMPILATION_CONDITIONS = "$(inherited) APP_STORE";
				ENABLE_APP_SANDBOX = YES;
			};
			name = Debug;
		};
		DC500006 /* Release */ = {
			isa = XCBuildConfiguration;
			buildSettings = {
				ASSETCATALOG_COMPILER_APPICON_NAME = AppIcon;
				CODE_SIGN_ENTITLEMENTS = GitStride/GitStrideAppStore.entitlements;
				CODE_SIGN_STYLE = Automatic;
				COMBINE_HIDPI_IMAGES = YES;
				CURRENT_PROJECT_VERSION = 1;
				DEAD_CODE_STRIPPING = YES;
				DEVELOPMENT_TEAM = G38CM6VNCC;
				ENABLE_HARDENED_RUNTIME = YES;
				GENERATE_INFOPLIST_FILE = NO;
				GITSTRIDE_OAUTH_CLIENT_ID = Ov23liP4CiYF6mIHqcVa;
				GITSTRIDE_AUTOMATION_BASE_URL = "https://gitstride-automation.zwyyy456.workers.dev";
				INFOPLIST_FILE = GitStride/Info-AppStore.plist;
				INFOPLIST_KEY_LSApplicationCategoryType = "public.app-category.developer-tools";
				INFOPLIST_KEY_NSHumanReadableCopyright = "";
				LD_RUNPATH_SEARCH_PATHS = (
					"$(inherited)",
					"@executable_path/../Frameworks",
				);
				MARKETING_VERSION = 1.0;
				PRODUCT_BUNDLE_IDENTIFIER = tech.hyperseek.gitstride;
				PRODUCT_NAME = GitStride;
				SWIFT_EMIT_LOC_STRINGS = YES;
				SWIFT_STRICT_CONCURRENCY = complete;
				SWIFT_VERSION = 5.0;
				SWIFT_ACTIVE_COMPILATION_CONDITIONS = "$(inherited) APP_STORE";
				ENABLE_APP_SANDBOX = YES;
			};
			name = Release;
		};
/* End XCBuildConfiguration section */

/* Begin XCConfigurationList section */
		A5000001 /* Build configuration list for PBXProject "GitStride" */ = {
			isa = XCConfigurationList;
			buildConfigurations = (
				A5000002 /* Debug */,
				A5000004 /* Release */,
			);
			defaultConfigurationIsVisible = 0;
			defaultConfigurationName = Release;
		};
		A5000003 /* Build configuration list for PBXNativeTarget "GitStride" */ = {
			isa = XCConfigurationList;
			buildConfigurations = (
				A5000005 /* Debug */,
				A5000006 /* Release */,
			);
			defaultConfigurationIsVisible = 0;
			defaultConfigurationName = Release;
		};
		A5000009 /* Build configuration list for PBXNativeTarget "GitStrideTests" */ = {
			isa = XCConfigurationList;
			buildConfigurations = (
				A5000007 /* Debug */,
				A5000008 /* Release */,
			);
			defaultConfigurationIsVisible = 0;
			defaultConfigurationName = Release;
		};
		DC500003 /* Build configuration list for PBXNativeTarget "GitStrideAppStore" */ = {
			isa = XCConfigurationList;
			buildConfigurations = (
				DC500005 /* Debug */,
				DC500006 /* Release */,
			);
			defaultConfigurationIsVisible = 0;
			defaultConfigurationName = Release;
		};
/* End XCConfigurationList section */

/* Begin XCRemoteSwiftPackageReference section */
		A6000000 /* XCRemoteSwiftPackageReference "Sparkle" */ = {
			isa = XCRemoteSwiftPackageReference;
			repositoryURL = "https://github.com/sparkle-project/Sparkle";
			requirement = {
				kind = upToNextMajorVersion;
				minimumVersion = 2.6.0;
			};
		};
/* End XCRemoteSwiftPackageReference section */

/* Begin XCSwiftPackageProductDependency section */
		A6000001 /* Sparkle */ = {
			isa = XCSwiftPackageProductDependency;
			package = A6000000 /* XCRemoteSwiftPackageReference "Sparkle" */;
			productName = Sparkle;
		};
/* End XCSwiftPackageProductDependency section */
	};
	rootObject = A4000000 /* Project object */;
}
